// !$*UTF8*$!
{
	archiveVersion = 1;
	classes = {
	};
	objectVersion = 46;
	objects = {

/* Begin PBXBuildFile section */
		AE441DA01B2AFB1B00AD32C2 /* main.m in Sources */ = {isa = PBXBuildFile; fileRef = AE441D9F1B2AFB1B00AD32C2 /* main.m */; };
		AE441DA31B2AFB1B00AD32C2 /* AppDelegate.m in Sources */ = {isa = PBXBuildFile; fileRef = AE441DA21B2AFB1B00AD32C2 /* AppDelegate.m */; };
		AE441DA91B2AFB1B00AD32C2 /* Main.storyboard in Resources */ = {isa = PBXBuildFile; fileRef = AE441DA71B2AFB1B00AD32C2 /* Main.storyboard */; };
		AE441DAB1B2AFB1B00AD32C2 /* Images.xcassets in Resources */ = {isa = PBXBuildFile; fileRef = AE441DAA1B2AFB1B00AD32C2 /* Images.xcassets */; };
		AE441DAE1B2AFB1B00AD32C2 /* LaunchScreen.xib in Resources */ = {isa = PBXBuildFile; fileRef = AE441DAC1B2AFB1B00AD32C2 /* LaunchScreen.xib */; };
		AE441DBA1B2AFB1B00AD32C2 /* RottenTomatoesTests.m in Sources */ = {isa = PBXBuildFile; fileRef = AE441DB91B2AFB1B00AD32C2 /* RottenTomatoesTests.m */; };
		AE441DC51B2AFD9100AD32C2 /* MoviesViewController.m in Sources */ = {isa = PBXBuildFile; fileRef = AE441DC41B2AFD9100AD32C2 /* MoviesViewController.m */; };
/* End PBXBuildFile section */

/* Begin PBXContainerItemProxy section */
		AE441DB41B2AFB1B00AD32C2 /* PBXContainerItemProxy */ = {
			isa = PBXContainerItemProxy;
			containerPortal = AE441D921B2AFB1B00AD32C2 /* Project object */;
			proxyType = 1;
			remoteGlobalIDString = AE441D991B2AFB1B00AD32C2;
			remoteInfo = RottenTomatoes;
		};
/* End PBXContainerItemProxy section */

/* Begin PBXFileReference section */
		AE441D9A1B2AFB1B00AD32C2 /* RottenTomatoes.app */ = {isa = PBXFileReference; explicitFileType = wrapper.application; includeInIndex = 0; path = RottenTomatoes.app; sourceTree = BUILT_PRODUCTS_DIR; };
		AE441D9E1B2AFB1B00AD32C2 /* Info.plist */ = {isa = PBXFileReference; lastKnownFileType = text.plist.xml; path = Info.plist; sourceTree = "<group>"; };
		AE441D9F1B2AFB1B00AD32C2 /* main.m */ = {isa = PBXFileReference; lastKnownFileType = sourcecode.c.objc; path = main.m; sourceTree = "<group>"; };
		AE441DA11B2AFB1B00AD32C2 /* AppDelegate.h */ = {isa = PBXFileReference; lastKnownFileType = sourcecode.c.h; path = AppDelegate.h; sourceTree = "<group>"; };
		AE441DA21B2AFB1B00AD32C2 /* AppDelegate.m */ = {isa = PBXFileReference; lastKnownFileType = sourcecode.c.objc; path = AppDelegate.m; sourceTree = "<group>"; };
		AE441DA81B2AFB1B00AD32C2 /* Base */ = {isa = PBXFileReference; lastKnownFileType = file.storyboard; name = Base; path = Base.lproj/Main.storyboard; sourceTree = "<group>"; };
		AE441DAA1B2AFB1B00AD32C2 /* Images.xcassets */ = {isa = PBXFileReference; lastKnownFileType = folder.assetcatalog; path = Images.xcassets; sourceTree = "<group>"; };
		AE441DAD1B2AFB1B00AD32C2 /* Base */ = {isa = PBXFileReference; lastKnownFileType = file.xib; name = Base; path = Base.lproj/LaunchScreen.xib; sourceTree = "<group>"; };
		AE441DB31B2AFB1B00AD32C2 /* RottenTomatoesTests.xctest */ = {isa = PBXFileReference; explicitFileType = wrapper.cfbundle; includeInIndex = 0; path = RottenTomatoesTests.xctest; sourceTree = BUILT_PRODUCTS_DIR; };
		AE441DB81B2AFB1B00AD32C2 /* Info.plist */ = {isa = PBXFileReference; lastKnownFileType = text.plist.xml; path = Info.plist; sourceTree = "<group>"; };
		AE441DB91B2AFB1B00AD32C2 /* RottenTomatoesTests.m */ = {isa = PBXFileReference; lastKnownFileType = sourcecode.c.objc; path = RottenTomatoesTests.m; sourceTree = "<group>"; };
		AE441DC31B2AFD9100AD32C2 /* MoviesViewController.h */ = {isa = PBXFileReference; fileEncoding = 4; lastKnownFileType = sourcecode.c.h; path = MoviesViewController.h; sourceTree = "<group>"; };
		AE441DC41B2AFD9100AD32C2 /* MoviesViewController.m */ = {isa = PBXFileReference; fileEncoding = 4; lastKnownFileType = sourcecode.c.objc; path = MoviesViewController.m; sourceTree = "<group>"; };
/* End PBXFileReference section */

/* Begin PBXFrameworksBuildPhase section */
		AE441D971B2AFB1B00AD32C2 /* Frameworks */ = {
			isa = PBXFrameworksBuildPhase;
			buildActionMask = 2147483647;
			files = (
			);
			runOnlyForDeploymentPostprocessing = 0;
		};
		AE441DB01B2AFB1B00AD32C2 /* Frameworks */ = {
			isa = PBXFrameworksBuildPhase;
			buildActionMask = 2147483647;
			files = (
			);
			runOnlyForDeploymentPostprocessing = 0;
		};
/* End PBXFrameworksBuildPhase section */

/* Begin PBXGroup section */
		AE441D911B2AFB1B00AD32C2 = {
			isa = PBXGroup;
			children = (
				AE441D9C1B2AFB1B00AD32C2 /* RottenTomatoes */,
				AE441DB61B2AFB1B00AD32C2 /* RottenTomatoesTests */,
				AE441D9B1B2AFB1B00AD32C2 /* Products */,
			);
			sourceTree = "<group>";
		};
		AE441D9B1B2AFB1B00AD32C2 /* Products */ = {
			isa = PBXGroup;
			children = (
				AE441D9A1B2AFB1B00AD32C2 /* RottenTomatoes.app */,
				AE441DB31B2AFB1B00AD32C2 /* RottenTomatoesTests.xctest */,
			);
			name = Products;
			sourceTree = "<group>";
		};
		AE441D9C1B2AFB1B00AD32C2 /* RottenTomatoes */ = {
			isa = PBXGroup;
			children = (
				AE441DC61B2AFF6F00AD32C2 /* ViewControllers */,
				AE441DA11B2AFB1B00AD32C2 /* AppDelegate.h */,
				AE441DA21B2AFB1B00AD32C2 /* AppDelegate.m */,
				AE441DA71B2AFB1B00AD32C2 /* Main.storyboard */,
				AE441DAA1B2AFB1B00AD32C2 /* Images.xcassets */,
				AE441DAC1B2AFB1B00AD32C2 /* LaunchScreen.xib */,
				AE441D9D1B2AFB1B00AD32C2 /* Supporting Files */,
			);
			path = RottenTomatoes;
			sourceTree = "<group>";
		};
		AE441D9D1B2AFB1B00AD32C2 /* Supporting Files */ = {
			isa = PBXGroup;
			children = (
				AE441D9E1B2AFB1B00AD32C2 /* Info.plist */,
				AE441D9F1B2AFB1B00AD32C2 /* main.m */,
			);
			name = "Supporting Files";
			sourceTree = "<group>";
		};
		AE441DB61B2AFB1B00AD32C2 /* RottenTomatoesTests */ = {
			isa = PBXGroup;
			children = (
				AE441DB91B2AFB1B00AD32C2 /* RottenTomatoesTests.m */,
				AE441DB71B2AFB1B00AD32C2 /* Supporting Files */,
			);
			path = RottenTomatoesTests;
			sourceTree = "<group>";
		};
		AE441DB71B2AFB1B00AD32C2 /* Supporting Files */ = {
			isa = PBXGroup;
			children = (
				AE441DB81B2AFB1B00AD32C2 /* Info.plist */,
			);
			name = "Supporting Files";
			sourceTree = "<group>";
		};
		AE441DC61B2AFF6F00AD32C2 /* ViewControllers */ = {
			isa = PBXGroup;
			children = (
				AE441DC31B2AFD9100AD32C2 /* MoviesViewController.h */,
				AE441DC41B2AFD9100AD32C2 /* MoviesViewController.m */,
			);
			name = ViewControllers;
			sourceTree = "<group>";
		};
/* End PBXGroup section */

/* Begin PBXNativeTarget section */
		AE441D991B2AFB1B00AD32C2 /* RottenTomatoes */ = {
			isa = PBXNativeTarget;
			buildConfigurationList = AE441DBD1B2AFB1B00AD32C2 /* Build configuration list for PBXNativeTarget "RottenTomatoes" */;
			buildPhases = (
				AE441D961B2AFB1B00AD32C2 /* Sources */,
				AE441D971B2AFB1B00AD32C2 /* Frameworks */,
				AE441D981B2AFB1B00AD32C2 /* Resources */,
			);
			buildRules = (
			);
			dependencies = (
			);
			name = RottenTomatoes;
			productName = RottenTomatoes;
			productReference = AE441D9A1B2AFB1B00AD32C2 /* RottenTomatoes.app */;
			productType = "com.apple.product-type.application";
		};
		AE441DB21B2AFB1B00AD32C2 /* RottenTomatoesTests */ = {
			isa = PBXNativeTarget;
			buildConfigurationList = AE441DC01B2AFB1B00AD32C2 /* Build configuration list for PBXNativeTarget "RottenTomatoesTests" */;
			buildPhases = (
				AE441DAF1B2AFB1B00AD32C2 /* Sources */,
				AE441DB01B2AFB1B00AD32C2 /* Frameworks */,
				AE441DB11B2AFB1B00AD32C2 /* Resources */,
			);
			buildRules = (
			);
			dependencies = (
				AE441DB51B2AFB1B00AD32C2 /* PBXTargetDependency */,
			);
			name = RottenTomatoesTests;
			productName = RottenTomatoesTests;
			productReference = AE441DB31B2AFB1B00AD32C2 /* RottenTomatoesTests.xctest */;
			productType = "com.apple.product-type.bundle.unit-test";
		};
/* End PBXNativeTarget section */

/* Begin PBXProject section */
		AE441D921B2AFB1B00AD32C2 /* Project object */ = {
			isa = PBXProject;
			attributes = {
				LastUpgradeCheck = 0630;
				ORGANIZATIONNAME = "Jason Huang";
				TargetAttributes = {
					AE441D991B2AFB1B00AD32C2 = {
						CreatedOnToolsVersion = 6.3.2;
					};
					AE441DB21B2AFB1B00AD32C2 = {
						CreatedOnToolsVersion = 6.3.2;
						TestTargetID = AE441D991B2AFB1B00AD32C2;
					};
				};
			};
			buildConfigurationList = AE441D951B2AFB1B00AD32C2 /* Build configuration list for PBXProject "RottenTomatoes" */;
			compatibilityVersion = "Xcode 3.2";
			developmentRegion = English;
			hasScannedForEncodings = 0;
			knownRegions = (
				en,
				Base,
			);
			mainGroup = AE441D911B2AFB1B00AD32C2;
			productRefGroup = AE441D9B1B2AFB1B00AD32C2 /* Products */;
			projectDirPath = "";
			projectRoot = "";
			targets = (
				AE441D991B2AFB1B00AD32C2 /* RottenTomatoes */,
				AE441DB21B2AFB1B00AD32C2 /* RottenTomatoesTests */,
			);
		};
/* End PBXProject section */

/* Begin PBXResourcesBuildPhase section */
		AE441D981B2AFB1B00AD32C2 /* Resources */ = {
			isa = PBXResourcesBuildPhase;
			buildActionMask = 2147483647;
			files = (
				AE441DA91B2AFB1B00AD32C2 /* Main.storyboard in Resources */,
				AE441DAE1B2AFB1B00AD32C2 /* LaunchScreen.xib in Resources */,
				AE441DAB1B2AFB1B00AD32C2 /* Images.xcassets in Resources */,
			);
			runOnlyForDeploymentPostprocessing = 0;
		};
		AE441DB11B2AFB1B00AD32C2 /* Resources */ = {
			isa = PBXResourcesBuildPhase;
			buildActionMask = 2147483647;
			files = (
			);
			runOnlyForDeploymentPostprocessing = 0;
		};
/* End PBXResourcesBuildPhase section */

/* Begin PBXSourcesBuildPhase section */
		AE441D961B2AFB1B00AD32C2 /* Sources */ = {
			isa = PBXSourcesBuildPhase;
			buildActionMask = 2147483647;
			files = (
				AE441DC51B2AFD9100AD32C2 /* MoviesViewController.m in Sources */,
				AE441DA31B2AFB1B00AD32C2 /* AppDelegate.m in Sources */,
				AE441DA01B2AFB1B00AD32C2 /* main.m in Sources */,
			);
			runOnlyForDeploymentPostprocessing = 0;
		};
		AE441DAF1B2AFB1B00AD32C2 /* Sources */ = {
			isa = PBXSourcesBuildPhase;
			buildActionMask = 2147483647;
			files = (
				AE441DBA1B2AFB1B00AD32C2 /* RottenTomatoesTests.m in Sources */,
			);
			runOnlyForDeploymentPostprocessing = 0;
		};
/* End PBXSourcesBuildPhase section */

/* Begin PBXTargetDependency section */
		AE441DB51B2AFB1B00AD32C2 /* PBXTargetDependency */ = {
			isa = PBXTargetDependency;
			target = AE441D991B2AFB1B00AD32C2 /* RottenTomatoes */;
			targetProxy = AE441DB41B2AFB1B00AD32C2 /* PBXContainerItemProxy */;
		};
/* End PBXTargetDependency section */

/* Begin PBXVariantGroup section */
		AE441DA71B2AFB1B00AD32C2 /* Main.storyboard */ = {
			isa = PBXVariantGroup;
			children = (
				AE441DA81B2AFB1B00AD32C2 /* Base */,
			);
			name = Main.storyboard;
			sourceTree = "<group>";
		};
		AE441DAC1B2AFB1B00AD32C2 /* LaunchScreen.xib */ = {
			isa = PBXVariantGroup;
			children = (
				AE441DAD1B2AFB1B00AD32C2 /* Base */,
			);
			name = LaunchScreen.xib;
			sourceTree = "<group>";
		};
/* End PBXVariantGroup section */

/* Begin XCBuildConfiguration section */
		AE441DBB1B2AFB1B00AD32C2 /* Debug */ = {
			isa = XCBuildConfiguration;
			buildSettings = {
				ALWAYS_SEARCH_USER_PATHS = NO;
				CLANG_CXX_LANGUAGE_STANDARD = "gnu++0x";
				CLANG_CXX_LIBRARY = "libc++";
				CLANG_ENABLE_MODULES = YES;
				CLANG_ENABLE_OBJC_ARC = YES;
				CLANG_WARN_BOOL_CONVERSION = YES;
				CLANG_WARN_CONSTANT_CONVERSION = YES;
				CLANG_WARN_DIRECT_OBJC_ISA_USAGE = YES_ERROR;
				CLANG_WARN_EMPTY_BODY = YES;
				CLANG_WARN_ENUM_CONVERSION = YES;
				CLANG_WARN_INT_CONVERSION = YES;
				CLANG_WARN_OBJC_ROOT_CLASS = YES_ERROR;
				CLANG_WARN_UNREACHABLE_CODE = YES;
				CLANG_WARN__DUPLICATE_METHOD_MATCH = YES;
				"CODE_SIGN_IDENTITY[sdk=iphoneos*]" = "iPhone Developer";
				COPY_PHASE_STRIP = NO;
				DEBUG_INFORMATION_FORMAT = "dwarf-with-dsym";
				ENABLE_STRICT_OBJC_MSGSEND = YES;
				GCC_C_LANGUAGE_STANDARD = gnu99;
				GCC_DYNAMIC_NO_PIC = NO;
				GCC_NO_COMMON_BLOCKS = YES;
				GCC_OPTIMIZATION_LEVEL = 0;
				GCC_PREPROCESSOR_DEFINITIONS = (
					"DEBUG=1",
					"$(inherited)",
				);
				GCC_SYMBOLS_PRIVATE_EXTERN = NO;
				GCC_WARN_64_TO_32_BIT_CONVERSION = YES;
				GCC_WARN_ABOUT_RETURN_TYPE = YES_ERROR;
				GCC_WARN_UNDECLARED_SELECTOR = YES;
				GCC_WARN_UNINITIALIZED_AUTOS = YES_AGGRESSIVE;
				GCC_WARN_UNUSED_FUNCTION = YES;
				GCC_WARN_UNUSED_VARIABLE = YES;
				IPHONEOS_DEPLOYMENT_TARGET = 8.3;
				MTL_ENABLE_DEBUG_INFO = YES;
				ONLY_ACTIVE_ARCH = YES;
				SDKROOT = iphoneos;
			};
			name = Debug;
		};
		AE441DBC1B2AFB1B00AD32C2 /* Release */ = {
			isa = XCBuildConfiguration;
			buildSettings = {
				ALWAYS_SEARCH_USER_PATHS = NO;
				CLANG_CXX_LANGUAGE_STANDARD = "gnu++0x";
				CLANG_CXX_LIBRARY = "libc++";
				CLANG_ENABLE_MODULES = YES;
				CLANG_ENABLE_OBJC_ARC = YES;
				CLANG_WARN_BOOL_CONVERSION = YES;
				CLANG_WARN_CONSTANT_CONVERSION = YES;
				CLANG_WARN_DIRECT_OBJC_ISA_USAGE = YES_ERROR;
				CLANG_WARN_EMPTY_BODY = YES;
				CLANG_WARN_ENUM_CONVERSION = YES;
				CLANG_WARN_INT_CONVERSION = YES;
				CLANG_WARN_OBJC_ROOT_CLASS = YES_ERROR;
				CLANG_WARN_UNREACHABLE_CODE = YES;
				CLANG_WARN__DUPLICATE_METHOD_MATCH = YES;
				"CODE_SIGN_IDENTITY[sdk=iphoneos*]" = "iPhone Developer";
				COPY_PHASE_STRIP = NO;
				DEBUG_INFORMATION_FORMAT = "dwarf-with-dsym";
				ENABLE_NS_ASSERTIONS = NO;
				ENABLE_STRICT_OBJC_MSGSEND = YES;
				GCC_C_LANGUAGE_STANDARD = gnu99;
				GCC_NO_COMMON_BLOCKS = YES;
				GCC_WARN_64_TO_32_BIT_CONVERSION = YES;
				GCC_WARN_ABOUT_RETURN_TYPE = YES_ERROR;
				GCC_WARN_UNDECLARED_SELECTOR = YES;
				GCC_WARN_UNINITIALIZED_AUTOS = YES_AGGRESSIVE;
				GCC_WARN_UNUSED_FUNCTION = YES;
				GCC_WARN_UNUSED_VARIABLE = YES;
				IPHONEOS_DEPLOYMENT_TARGET = 8.3;
				MTL_ENABLE_DEBUG_INFO = NO;
				SDKROOT = iphoneos;
				VALIDATE_PRODUCT = YES;
			};
			name = Release;
		};
		AE441DBE1B2AFB1B00AD32C2 /* Debug */ = {
			isa = XCBuildConfiguration;
			buildSettings = {
				ASSETCATALOG_COMPILER_APPICON_NAME = AppIcon;
				INFOPLIST_FILE = RottenTomatoes/Info.plist;
				LD_RUNPATH_SEARCH_PATHS = "$(inherited) @executable_path/Frameworks";
				PRODUCT_NAME = "$(TARGET_NAME)";
			};
			name = Debug;
		};
		AE441DBF1B2AFB1B00AD32C2 /* Release */ = {
			isa = XCBuildConfiguration;
			buildSettings = {
				ASSETCATALOG_COMPILER_APPICON_NAME = AppIcon;
				INFOPLIST_FILE = RottenTomatoes/Info.plist;
				LD_RUNPATH_SEARCH_PATHS = "$(inherited) @executable_path/Frameworks";
				PRODUCT_NAME = "$(TARGET_NAME)";
			};
			name = Release;
		};
		AE441DC11B2AFB1B00AD32C2 /* Debug */ = {
			isa = XCBuildConfiguration;
			buildSettings = {
				BUNDLE_LOADER = "$(TEST_HOST)";
				FRAMEWORK_SEARCH_PATHS = (
					"$(SDKROOT)/Developer/Library/Frameworks",
					"$(inherited)",
				);
				GCC_PREPROCESSOR_DEFINITIONS = (
					"DEBUG=1",
					"$(inherited)",
				);
				INFOPLIST_FILE = RottenTomatoesTests/Info.plist;
				LD_RUNPATH_SEARCH_PATHS = "$(inherited) @executable_path/Frameworks @loader_path/Frameworks";
				PRODUCT_NAME = "$(TARGET_NAME)";
				TEST_HOST = "$(BUILT_PRODUCTS_DIR)/RottenTomatoes.app/RottenTomatoes";
			};
			name = Debug;
		};
		AE441DC21B2AFB1B00AD32C2 /* Release */ = {
			isa = XCBuildConfiguration;
			buildSettings = {
				BUNDLE_LOADER = "$(TEST_HOST)";
				FRAMEWORK_SEARCH_PATHS = (
					"$(SDKROOT)/Developer/Library/Frameworks",
					"$(inherited)",
				);
				INFOPLIST_FILE = RottenTomatoesTests/Info.plist;
				LD_RUNPATH_SEARCH_PATHS = "$(inherited) @executable_path/Frameworks @loader_path/Frameworks";
				PRODUCT_NAME = "$(TARGET_NAME)";
				TEST_HOST = "$(BUILT_PRODUCTS_DIR)/RottenTomatoes.app/RottenTomatoes";
			};
			name = Release;
		};
/* End XCBuildConfiguration section */

/* Begin XCConfigurationList section */
		AE441D951B2AFB1B00AD32C2 /* Build configuration list for PBXProject "RottenTomatoes" */ = {
			isa = XCConfigurationList;
			buildConfigurations = (
				AE441DBB1B2AFB1B00AD32C2 /* Debug */,
				AE441DBC1B2AFB1B00AD32C2 /* Release */,
			);
			defaultConfigurationIsVisible = 0;
			defaultConfigurationName = Release;
		};
		AE441DBD1B2AFB1B00AD32C2 /* Build configuration list for PBXNativeTarget "RottenTomatoes" */ = {
			isa = XCConfigurationList;
			buildConfigurations = (
				AE441DBE1B2AFB1B00AD32C2 /* Debug */,
				AE441DBF1B2AFB1B00AD32C2 /* Release */,
			);
			defaultConfigurationIsVisible = 0;
		};
		AE441DC01B2AFB1B00AD32C2 /* Build configuration list for PBXNativeTarget "RottenTomatoesTests" */ = {
			isa = XCConfigurationList;
			buildConfigurations = (
				AE441DC11B2AFB1B00AD32C2 /* Debug */,
				AE441DC21B2AFB1B00AD32C2 /* Release */,
			);
			defaultConfigurationIsVisible = 0;
		};
/* End XCConfigurationList section */
	};
	rootObject = AE441D921B2AFB1B00AD32C2 /* Project object */;
}
